
Microsoft Visual Studio Solution File, Format Version 12.00
# Visual Studio Version 16
VisualStudioVersion = 16.0.31424.327
MinimumVisualStudioVersion = 10.0.40219.1
Project("{9A19103F-16F7-4668-BE54-9A1E7A4F7556}") = "Zad1", "Zad1\Zad1.csproj", "{4B453ABB-94CE-4F9A-A9AC-E90762DF0338}"
EndProject
Project("{FAE04EC0-301F-11D3-BF4B-00C04F79EFBC}") = "zad2", "..\..\zad2\zad2.csproj", "{ACEF2D7E-30B2-4335-9703-1F2E5E47A5DE}"
EndProject
Project("{FAE04EC0-301F-11D3-BF4B-00C04F79EFBC}") = "zad3", "zad3\zad3.csproj", "{97809D1D-7612-4E0A-8903-7FF48099AA23}"
EndProject
Global
	GlobalSection(SolutionConfigurationPlatforms) = preSolution
		Debug|Any CPU = Debug|Any CPU
		Release|Any CPU = Release|Any CPU
	EndGlobalSection
	GlobalSection(ProjectConfigurationPlatforms) = postSolution
		{4B453ABB-94CE-4F9A-A9AC-E90762DF0338}.Debug|Any CPU.ActiveCfg = Debug|Any CPU
		{4B453ABB-94CE-4F9A-A9AC-E90762DF0338}.Debug|Any CPU.Build.0 = Debug|Any CPU
		{4B453ABB-94CE-4F9A-A9AC-E90762DF0338}.Release|Any CPU.ActiveCfg = Release|Any CPU
		{4B453ABB-94CE-4F9A-A9AC-E90762DF0338}.Release|Any CPU.Build.0 = Release|Any CPU
		{ACEF2D7E-30B2-4335-9703-1F2E5E47A5DE}.Debug|Any CPU.ActiveCfg = Debug|Any CPU
		{ACEF2D7E-30B2-4335-9703-1F2E5E47A5DE}.Debug|Any CPU.Build.0 = Debug|Any CPU
		{ACEF2D7E-30B2-4335-9703-1F2E5E47A5DE}.Release|Any CPU.ActiveCfg = Release|Any CPU
		{ACEF2D7E-30B2-4335-9703-1F2E5E47A5DE}.Release|Any CPU.Build.0 = Release|Any CPU
		{97809D1D-7612-4E0A-8903-7FF48099AA23}.Debug|Any CPU.ActiveCfg = Debug|Any CPU
		{97809D1D-7612-4E0A-8903-7FF48099AA23}.Debug|Any CPU.Build.0 = Debug|Any CPU
		{97809D1D-7612-4E0A-8903-7FF48099AA23}.Release|Any CPU.ActiveCfg = Release|Any CPU
		{97809D1D-7612-4E0A-8903-7FF48099AA23}.Release|Any CPU.Build.0 = Release|Any CPU
	EndGlobalSection
	GlobalSection(SolutionProperties) = preSolution
		HideSolutionNode = FALSE
	EndGlobalSection
	GlobalSection(ExtensibilityGlobals) = postSolution
		SolutionGuid = {986632AC-702F-4AFA-BCAD-EFA1B27E55EE}
	EndGlobalSection
EndGlobal
